
Microsoft Visual Studio Solution File, Format Version 12.00
# Visual Studio Version 17
VisualStudioVersion = 17.3.32819.101
MinimumVisualStudioVersion = 10.0.40219.1
Project("{888888A0-9F3D-457C-B088-3A5042F75D52}") = "Week3", "Week3.pyproj", "{C32AB1EE-00EB-45BA-85E9-7BCE03468AB4}"
EndProject
Global
	GlobalSection(SolutionConfigurationPlatforms) = preSolution
		Debug|Any CPU = Debug|Any CPU
		Release|Any CPU = Release|Any CPU
	EndGlobalSection
	GlobalSection(ProjectConfigurationPlatforms) = postSolution
		{C32AB1EE-00EB-45BA-85E9-7BCE03468AB4}.Debug|Any CPU.ActiveCfg = Debug|Any CPU
		{C32AB1EE-00EB-45BA-85E9-7BCE03468AB4}.Release|Any CPU.ActiveCfg = Release|Any CPU
	EndGlobalSection
	GlobalSection(SolutionProperties) = preSolution
		HideSolutionNode = FALSE
	EndGlobalSection
	GlobalSection(ExtensibilityGlobals) = postSolution
		SolutionGuid = {808E4D06-D883-45CA-B6C0-F301AD01C6FF}
	EndGlobalSection
EndGlobal
